// !$*UTF8*$!
{
	archiveVersion = 1;
	classes = {
	};
	objectVersion = 50;
	objects = {

/* Begin PBXBuildFile section */
		B01FFFA422D527220046B215 /* PlayerPickerPopUp.storyboard in Resources */ = {isa = PBXBuildFile; fileRef = B01FFFA322D527220046B215 /* PlayerPickerPopUp.storyboard */; };
		B01FFFA622D527650046B215 /* PlayerPickerPopUpViewController.swift in Sources */ = {isa = PBXBuildFile; fileRef = B01FFFA522D527650046B215 /* PlayerPickerPopUpViewController.swift */; };
		B049706E22D2B5DE00AAEA8D /* AppDelegate.swift in Sources */ = {isa = PBXBuildFile; fileRef = B049706D22D2B5DE00AAEA8D /* AppDelegate.swift */; };
		B049707022D2B5DE00AAEA8D /* ProfileViewController.swift in Sources */ = {isa = PBXBuildFile; fileRef = B049706F22D2B5DE00AAEA8D /* ProfileViewController.swift */; };
		B049707222D2B5DE00AAEA8D /* InsigniaStatsViewController.swift in Sources */ = {isa = PBXBuildFile; fileRef = B049707122D2B5DE00AAEA8D /* InsigniaStatsViewController.swift */; };
		B049707522D2B5DE00AAEA8D /* Main.storyboard in Resources */ = {isa = PBXBuildFile; fileRef = B049707322D2B5DE00AAEA8D /* Main.storyboard */; };
		B049707722D2B5DF00AAEA8D /* Assets.xcassets in Resources */ = {isa = PBXBuildFile; fileRef = B049707622D2B5DF00AAEA8D /* Assets.xcassets */; };
		B049707A22D2B5DF00AAEA8D /* LaunchScreen.storyboard in Resources */ = {isa = PBXBuildFile; fileRef = B049707822D2B5DF00AAEA8D /* LaunchScreen.storyboard */; };
		B0A0402E22D425920014325E /* DeckStatsViewController.swift in Sources */ = {isa = PBXBuildFile; fileRef = B0A0402D22D425920014325E /* DeckStatsViewController.swift */; };
/* End PBXBuildFile section */

/* Begin PBXFileReference section */
		B01FFFA322D527220046B215 /* PlayerPickerPopUp.storyboard */ = {isa = PBXFileReference; lastKnownFileType = file.storyboard; path = PlayerPickerPopUp.storyboard; sourceTree = "<group>"; };
		B01FFFA522D527650046B215 /* PlayerPickerPopUpViewController.swift */ = {isa = PBXFileReference; lastKnownFileType = sourcecode.swift; path = PlayerPickerPopUpViewController.swift; sourceTree = "<group>"; };
		B049706A22D2B5DE00AAEA8D /* Cipher Stats.app */ = {isa = PBXFileReference; explicitFileType = wrapper.application; includeInIndex = 0; path = "Cipher Stats.app"; sourceTree = BUILT_PRODUCTS_DIR; };
		B049706D22D2B5DE00AAEA8D /* AppDelegate.swift */ = {isa = PBXFileReference; lastKnownFileType = sourcecode.swift; path = AppDelegate.swift; sourceTree = "<group>"; };
		B049706F22D2B5DE00AAEA8D /* ProfileViewController.swift */ = {isa = PBXFileReference; lastKnownFileType = sourcecode.swift; path = ProfileViewController.swift; sourceTree = "<group>"; };
		B049707122D2B5DE00AAEA8D /* InsigniaStatsViewController.swift */ = {isa = PBXFileReference; lastKnownFileType = sourcecode.swift; path = InsigniaStatsViewController.swift; sourceTree = "<group>"; };
		B049707422D2B5DE00AAEA8D /* Base */ = {isa = PBXFileReference; lastKnownFileType = file.storyboard; name = Base; path = Base.lproj/Main.storyboard; sourceTree = "<group>"; };
		B049707622D2B5DF00AAEA8D /* Assets.xcassets */ = {isa = PBXFileReference; lastKnownFileType = folder.assetcatalog; path = Assets.xcassets; sourceTree = "<group>"; };
		B049707922D2B5DF00AAEA8D /* Base */ = {isa = PBXFileReference; lastKnownFileType = file.storyboard; name = Base; path = Base.lproj/LaunchScreen.storyboard; sourceTree = "<group>"; };
		B049707B22D2B5DF00AAEA8D /* Info.plist */ = {isa = PBXFileReference; lastKnownFileType = text.plist.xml; path = Info.plist; sourceTree = "<group>"; };
		B0A0402D22D425920014325E /* DeckStatsViewController.swift */ = {isa = PBXFileReference; lastKnownFileType = sourcecode.swift; path = DeckStatsViewController.swift; sourceTree = "<group>"; };
/* End PBXFileReference section */

/* Begin PBXFrameworksBuildPhase section */
		B049706722D2B5DE00AAEA8D /* Frameworks */ = {
			isa = PBXFrameworksBuildPhase;
			buildActionMask = 2147483647;
			files = (
			);
			runOnlyForDeploymentPostprocessing = 0;
		};
/* End PBXFrameworksBuildPhase section */

/* Begin PBXGroup section */
		B01FFFA722D52A4A0046B215 /* Services */ = {
			isa = PBXGroup;
			children = (
			);
			path = Services;
			sourceTree = "<group>";
		};
		B049706122D2B5DE00AAEA8D = {
			isa = PBXGroup;
			children = (
				B049706C22D2B5DE00AAEA8D /* Cipher Stats */,
				B049706B22D2B5DE00AAEA8D /* Products */,
			);
			sourceTree = "<group>";
		};
		B049706B22D2B5DE00AAEA8D /* Products */ = {
			isa = PBXGroup;
			children = (
				B049706A22D2B5DE00AAEA8D /* Cipher Stats.app */,
			);
			name = Products;
			sourceTree = "<group>";
		};
		B049706C22D2B5DE00AAEA8D /* Cipher Stats */ = {
			isa = PBXGroup;
			children = (
				B0A0402922D422850014325E /* Models */,
				B0A0402B22D422AB0014325E /* View Controllers */,
				B0A0402A22D422960014325E /* Storyboards */,
				B01FFFA722D52A4A0046B215 /* Services */,
				B0A0402C22D422CC0014325E /* Assets */,
				B049706D22D2B5DE00AAEA8D /* AppDelegate.swift */,
				B049707B22D2B5DF00AAEA8D /* Info.plist */,
			);
			path = "Cipher Stats";
			sourceTree = "<group>";
		};
		B0A0402922D422850014325E /* Models */ = {
			isa = PBXGroup;
			children = (
			);
			path = Models;
			sourceTree = "<group>";
		};
		B0A0402A22D422960014325E /* Storyboards */ = {
			isa = PBXGroup;
			children = (
				B049707822D2B5DF00AAEA8D /* LaunchScreen.storyboard */,
				B049707322D2B5DE00AAEA8D /* Main.storyboard */,
				B01FFFA322D527220046B215 /* PlayerPickerPopUp.storyboard */,
			);
			path = Storyboards;
			sourceTree = "<group>";
		};
		B0A0402B22D422AB0014325E /* View Controllers */ = {
			isa = PBXGroup;
			children = (
				B049706F22D2B5DE00AAEA8D /* ProfileViewController.swift */,
				B049707122D2B5DE00AAEA8D /* InsigniaStatsViewController.swift */,
				B0A0402D22D425920014325E /* DeckStatsViewController.swift */,
				B01FFFA522D527650046B215 /* PlayerPickerPopUpViewController.swift */,
			);
			path = "View Controllers";
			sourceTree = "<group>";
		};
		B0A0402C22D422CC0014325E /* Assets */ = {
			isa = PBXGroup;
			children = (
				B049707622D2B5DF00AAEA8D /* Assets.xcassets */,
			);
			path = Assets;
			sourceTree = "<group>";
		};
/* End PBXGroup section */

/* Begin PBXNativeTarget section */
		B049706922D2B5DE00AAEA8D /* Cipher Stats */ = {
			isa = PBXNativeTarget;
			buildConfigurationList = B049707E22D2B5DF00AAEA8D /* Build configuration list for PBXNativeTarget "Cipher Stats" */;
			buildPhases = (
				B049706622D2B5DE00AAEA8D /* Sources */,
				B049706722D2B5DE00AAEA8D /* Frameworks */,
				B049706822D2B5DE00AAEA8D /* Resources */,
			);
			buildRules = (
			);
			dependencies = (
			);
			name = "Cipher Stats";
			productName = "Cipher Stats";
			productReference = B049706A22D2B5DE00AAEA8D /* Cipher Stats.app */;
			productType = "com.apple.product-type.application";
		};
/* End PBXNativeTarget section */

/* Begin PBXProject section */
		B049706222D2B5DE00AAEA8D /* Project object */ = {
			isa = PBXProject;
			attributes = {
				LastSwiftUpdateCheck = 1020;
				LastUpgradeCheck = 1020;
				ORGANIZATIONNAME = "Dylan Rothfeld";
				TargetAttributes = {
					B049706922D2B5DE00AAEA8D = {
						CreatedOnToolsVersion = 10.2.1;
					};
				};
			};
			buildConfigurationList = B049706522D2B5DE00AAEA8D /* Build configuration list for PBXProject "Cipher Stats" */;
			compatibilityVersion = "Xcode 9.3";
			developmentRegion = en;
			hasScannedForEncodings = 0;
			knownRegions = (
				en,
				Base,
			);
			mainGroup = B049706122D2B5DE00AAEA8D;
			productRefGroup = B049706B22D2B5DE00AAEA8D /* Products */;
			projectDirPath = "";
			projectRoot = "";
			targets = (
				B049706922D2B5DE00AAEA8D /* Cipher Stats */,
			);
		};
/* End PBXProject section */

/* Begin PBXResourcesBuildPhase section */
		B049706822D2B5DE00AAEA8D /* Resources */ = {
			isa = PBXResourcesBuildPhase;
			buildActionMask = 2147483647;
			files = (
				B049707A22D2B5DF00AAEA8D /* LaunchScreen.storyboard in Resources */,
				B049707722D2B5DF00AAEA8D /* Assets.xcassets in Resources */,
				B01FFFA422D527220046B215 /* PlayerPickerPopUp.storyboard in Resources */,
				B049707522D2B5DE00AAEA8D /* Main.storyboard in Resources */,
			);
			runOnlyForDeploymentPostprocessing = 0;
		};
/* End PBXResourcesBuildPhase section */

/* Begin PBXSourcesBuildPhase section */
		B049706622D2B5DE00AAEA8D /* Sources */ = {
			isa = PBXSourcesBuildPhase;
			buildActionMask = 2147483647;
			files = (
				B01FFFA622D527650046B215 /* PlayerPickerPopUpViewController.swift in Sources */,
				B049707222D2B5DE00AAEA8D /* InsigniaStatsViewController.swift in Sources */,
				B0A0402E22D425920014325E /* DeckStatsViewController.swift in Sources */,
				B049706E22D2B5DE00AAEA8D /* AppDelegate.swift in Sources */,
				B049707022D2B5DE00AAEA8D /* ProfileViewController.swift in Sources */,
			);
			runOnlyForDeploymentPostprocessing = 0;
		};
/* End PBXSourcesBuildPhase section */

/* Begin PBXVariantGroup section */
		B049707322D2B5DE00AAEA8D /* Main.storyboard */ = {
			isa = PBXVariantGroup;
			children = (
				B049707422D2B5DE00AAEA8D /* Base */,
			);
			name = Main.storyboard;
			sourceTree = "<group>";
		};
		B049707822D2B5DF00AAEA8D /* LaunchScreen.storyboard */ = {
			isa = PBXVariantGroup;
			children = (
				B049707922D2B5DF00AAEA8D /* Base */,
			);
			name = LaunchScreen.storyboard;
			sourceTree = "<group>";
		};
/* End PBXVariantGroup section */

/* Begin XCBuildConfiguration section */
		B049707C22D2B5DF00AAEA8D /* Debug */ = {
			isa = XCBuildConfiguration;
			buildSettings = {
				ALWAYS_SEARCH_USER_PATHS = NO;
				CLANG_ANALYZER_NONNULL = YES;
				CLANG_ANALYZER_NUMBER_OBJECT_CONVERSION = YES_AGGRESSIVE;
				CLANG_CXX_LANGUAGE_STANDARD = "gnu++14";
				CLANG_CXX_LIBRARY = "libc++";
				CLANG_ENABLE_MODULES = YES;
				CLANG_ENABLE_OBJC_ARC = YES;
				CLANG_ENABLE_OBJC_WEAK = YES;
				CLANG_WARN_BLOCK_CAPTURE_AUTORELEASING = YES;
				CLANG_WARN_BOOL_CONVERSION = YES;
				CLANG_WARN_COMMA = YES;
				CLANG_WARN_CONSTANT_CONVERSION = YES;
				CLANG_WARN_DEPRECATED_OBJC_IMPLEMENTATIONS = YES;
				CLANG_WARN_DIRECT_OBJC_ISA_USAGE = YES_ERROR;
				CLANG_WARN_DOCUMENTATION_COMMENTS = YES;
				CLANG_WARN_EMPTY_BODY = YES;
				CLANG_WARN_ENUM_CONVERSION = YES;
				CLANG_WARN_INFINITE_RECURSION = YES;
				CLANG_WARN_INT_CONVERSION = YES;
				CLANG_WARN_NON_LITERAL_NULL_CONVERSION = YES;
				CLANG_WARN_OBJC_IMPLICIT_RETAIN_SELF = YES;
				CLANG_WARN_OBJC_LITERAL_CONVERSION = YES;
				CLANG_WARN_OBJC_ROOT_CLASS = YES_ERROR;
				CLANG_WARN_RANGE_LOOP_ANALYSIS = YES;
				CLANG_WARN_STRICT_PROTOTYPES = YES;
				CLANG_WARN_SUSPICIOUS_MOVE = YES;
				CLANG_WARN_UNGUARDED_AVAILABILITY = YES_AGGRESSIVE;
				CLANG_WARN_UNREACHABLE_CODE = YES;
				CLANG_WARN__DUPLICATE_METHOD_MATCH = YES;
				CODE_SIGN_IDENTITY = "iPhone Developer";
				COPY_PHASE_STRIP = NO;
				DEBUG_INFORMATION_FORMAT = dwarf;
				ENABLE_STRICT_OBJC_MSGSEND = YES;
				ENABLE_TESTABILITY = YES;
				GCC_C_LANGUAGE_STANDARD = gnu11;
				GCC_DYNAMIC_NO_PIC = NO;
				GCC_NO_COMMON_BLOCKS = YES;
				GCC_OPTIMIZATION_LEVEL = 0;
				GCC_PREPROCESSOR_DEFINITIONS = (
					"DEBUG=1",
					"$(inherited)",
				);
				GCC_WARN_64_TO_32_BIT_CONVERSION = YES;
				GCC_WARN_ABOUT_RETURN_TYPE = YES_ERROR;
				GCC_WARN_UNDECLARED_SELECTOR = YES;
				GCC_WARN_UNINITIALIZED_AUTOS = YES_AGGRESSIVE;
				GCC_WARN_UNUSED_FUNCTION = YES;
				GCC_WARN_UNUSED_VARIABLE = YES;
				IPHONEOS_DEPLOYMENT_TARGET = 12.2;
				MTL_ENABLE_DEBUG_INFO = INCLUDE_SOURCE;
				MTL_FAST_MATH = YES;
				ONLY_ACTIVE_ARCH = YES;
				SDKROOT = iphoneos;
				SWIFT_ACTIVE_COMPILATION_CONDITIONS = DEBUG;
				SWIFT_OPTIMIZATION_LEVEL = "-Onone";
			};
			name = Debug;
		};
		B049707D22D2B5DF00AAEA8D /* Release */ = {
			isa = XCBuildConfiguration;
			buildSettings = {
				ALWAYS_SEARCH_USER_PATHS = NO;
				CLANG_ANALYZER_NONNULL = YES;
				CLANG_ANALYZER_NUMBER_OBJECT_CONVERSION = YES_AGGRESSIVE;
				CLANG_CXX_LANGUAGE_STANDARD = "gnu++14";
				CLANG_CXX_LIBRARY = "libc++";
				CLANG_ENABLE_MODULES = YES;
				CLANG_ENABLE_OBJC_ARC = YES;
				CLANG_ENABLE_OBJC_WEAK = YES;
				CLANG_WARN_BLOCK_CAPTURE_AUTORELEASING = YES;
				CLANG_WARN_BOOL_CONVERSION = YES;
				CLANG_WARN_COMMA = YES;
				CLANG_WARN_CONSTANT_CONVERSION = YES;
				CLANG_WARN_DEPRECATED_OBJC_IMPLEMENTATIONS = YES;
				CLANG_WARN_DIRECT_OBJC_ISA_USAGE = YES_ERROR;
				CLANG_WARN_DOCUMENTATION_COMMENTS = YES;
				CLANG_WARN_EMPTY_BODY = YES;
				CLANG_WARN_ENUM_CONVERSION = YES;
				CLANG_WARN_INFINITE_RECURSION = YES;
				CLANG_WARN_INT_CONVERSION = YES;
				CLANG_WARN_NON_LITERAL_NULL_CONVERSION = YES;
				CLANG_WARN_OBJC_IMPLICIT_RETAIN_SELF = YES;
				CLANG_WARN_OBJC_LITERAL_CONVERSION = YES;
				CLANG_WARN_OBJC_ROOT_CLASS = YES_ERROR;
				CLANG_WARN_RANGE_LOOP_ANALYSIS = YES;
				CLANG_WARN_STRICT_PROTOTYPES = YES;
				CLANG_WARN_SUSPICIOUS_MOVE = YES;
				CLANG_WARN_UNGUARDED_AVAILABILITY = YES_AGGRESSIVE;
				CLANG_WARN_UNREACHABLE_CODE = YES;
				CLANG_WARN__DUPLICATE_METHOD_MATCH = YES;
				CODE_SIGN_IDENTITY = "iPhone Developer";
				COPY_PHASE_STRIP = NO;
				DEBUG_INFORMATION_FORMAT = "dwarf-with-dsym";
				ENABLE_NS_ASSERTIONS = NO;
				ENABLE_STRICT_OBJC_MSGSEND = YES;
				GCC_C_LANGUAGE_STANDARD = gnu11;
				GCC_NO_COMMON_BLOCKS = YES;
				GCC_WARN_64_TO_32_BIT_CONVERSION = YES;
				GCC_WARN_ABOUT_RETURN_TYPE = YES_ERROR;
				GCC_WARN_UNDECLARED_SELECTOR = YES;
				GCC_WARN_UNINITIALIZED_AUTOS = YES_AGGRESSIVE;
				GCC_WARN_UNUSED_FUNCTION = YES;
				GCC_WARN_UNUSED_VARIABLE = YES;
				IPHONEOS_DEPLOYMENT_TARGET = 12.2;
				MTL_ENABLE_DEBUG_INFO = NO;
				MTL_FAST_MATH = YES;
				SDKROOT = iphoneos;
				SWIFT_COMPILATION_MODE = wholemodule;
				SWIFT_OPTIMIZATION_LEVEL = "-O";
				VALIDATE_PRODUCT = YES;
			};
			name = Release;
		};
		B049707F22D2B5DF00AAEA8D /* Debug */ = {
			isa = XCBuildConfiguration;
			buildSettings = {
				ASSETCATALOG_COMPILER_APPICON_NAME = AppIcon;
				CODE_SIGN_STYLE = Automatic;
				DEVELOPMENT_TEAM = X984X22XTP;
				INFOPLIST_FILE = "Cipher Stats/Info.plist";
				LD_RUNPATH_SEARCH_PATHS = (
					"$(inherited)",
					"@executable_path/Frameworks",
				);
				PRODUCT_BUNDLE_IDENTIFIER = "drothfeld.Cipher-Stats";
				PRODUCT_NAME = "$(TARGET_NAME)";
				SWIFT_VERSION = 5.0;
				TARGETED_DEVICE_FAMILY = 1;
			};
			name = Debug;
		};
		B049708022D2B5DF00AAEA8D /* Release */ = {
			isa = XCBuildConfiguration;
			buildSettings = {
				ASSETCATALOG_COMPILER_APPICON_NAME = AppIcon;
				CODE_SIGN_STYLE = Automatic;
				DEVELOPMENT_TEAM = X984X22XTP;
				INFOPLIST_FILE = "Cipher Stats/Info.plist";
				LD_RUNPATH_SEARCH_PATHS = (
					"$(inherited)",
					"@executable_path/Frameworks",
				);
				PRODUCT_BUNDLE_IDENTIFIER = "drothfeld.Cipher-Stats";
				PRODUCT_NAME = "$(TARGET_NAME)";
				SWIFT_VERSION = 5.0;
				TARGETED_DEVICE_FAMILY = 1;
			};
			name = Release;
		};
/* End XCBuildConfiguration section */

/* Begin XCConfigurationList section */
		B049706522D2B5DE00AAEA8D /* Build configuration list for PBXProject "Cipher Stats" */ = {
			isa = XCConfigurationList;
			buildConfigurations = (
				B049707C22D2B5DF00AAEA8D /* Debug */,
				B049707D22D2B5DF00AAEA8D /* Release */,
			);
			defaultConfigurationIsVisible = 0;
			defaultConfigurationName = Release;
		};
		B049707E22D2B5DF00AAEA8D /* Build configuration list for PBXNativeTarget "Cipher Stats" */ = {
			isa = XCConfigurationList;
			buildConfigurations = (
				B049707F22D2B5DF00AAEA8D /* Debug */,
				B049708022D2B5DF00AAEA8D /* Release */,
			);
			defaultConfigurationIsVisible = 0;
			defaultConfigurationName = Release;
		};
/* End XCConfigurationList section */
	};
	rootObject = B049706222D2B5DE00AAEA8D /* Project object */;
}
